// !$*UTF8*$!
{
	archiveVersion = 1;
	classes = {
	};
	objectVersion = 56;
	objects = {

/* Begin PBXBuildFile section */
		400000000000000000000001 /* SonuxApp.swift in Sources */ = {isa = PBXBuildFile; fileRef = 300000000000000000000001 /* SonuxApp.swift */; };
		400000000000000000000002 /* Book.swift in Sources */ = {isa = PBXBuildFile; fileRef = 300000000000000000000002 /* Book.swift */; };
		400000000000000000000003 /* LibraryService.swift in Sources */ = {isa = PBXBuildFile; fileRef = 300000000000000000000003 /* LibraryService.swift */; };
		400000000000000000000004 /* PlayerService.swift in Sources */ = {isa = PBXBuildFile; fileRef = 300000000000000000000004 /* PlayerService.swift */; };
		400000000000000000000005 /* TimeFormat.swift in Sources */ = {isa = PBXBuildFile; fileRef = 300000000000000000000005 /* TimeFormat.swift */; };
		400000000000000000000006 /* BookDetailView.swift in Sources */ = {isa = PBXBuildFile; fileRef = 300000000000000000000006 /* BookDetailView.swift */; };
		400000000000000000000007 /* LibraryView.swift in Sources */ = {isa = PBXBuildFile; fileRef = 300000000000000000000007 /* LibraryView.swift */; };
		400000000000000000000008 /* MiniPlayerView.swift in Sources */ = {isa = PBXBuildFile; fileRef = 300000000000000000000008 /* MiniPlayerView.swift */; };
		400000000000000000000009 /* PlayerView.swift in Sources */ = {isa = PBXBuildFile; fileRef = 300000000000000000000009 /* PlayerView.swift */; };
		40000000000000000000000A /* RootView.swift in Sources */ = {isa = PBXBuildFile; fileRef = 30000000000000000000000A /* RootView.swift */; };
		40000000000000000000000B /* CoverStore.swift in Sources */ = {isa = PBXBuildFile; fileRef = 30000000000000000000000B /* CoverStore.swift */; };
		40000000000000000000000C /* HistoryView.swift in Sources */ = {isa = PBXBuildFile; fileRef = 30000000000000000000000C /* HistoryView.swift */; };
		40000000000000000000000D /* ListeningStats.swift in Sources */ = {isa = PBXBuildFile; fileRef = 30000000000000000000000D /* ListeningStats.swift */; };
		40000000000000000000000F /* MeView.swift in Sources */ = {isa = PBXBuildFile; fileRef = 30000000000000000000000F /* MeView.swift */; };
		400000000000000000000010 /* Localization.swift in Sources */ = {isa = PBXBuildFile; fileRef = 300000000000000000000010 /* Localization.swift */; };
		400000000000000000000011 /* LanguageView.swift in Sources */ = {isa = PBXBuildFile; fileRef = 300000000000000000000011 /* LanguageView.swift */; };
		400000000000000000000025 /* PlaybackSettingsView.swift in Sources */ = {isa = PBXBuildFile; fileRef = 300000000000000000000025 /* PlaybackSettingsView.swift */; };
		400000000000000000000012 /* Localizable.xcstrings in Resources */ = {isa = PBXBuildFile; fileRef = 300000000000000000000012 /* Localizable.xcstrings */; };
		400000000000000000000013 /* Transcript.swift in Sources */ = {isa = PBXBuildFile; fileRef = 300000000000000000000013 /* Transcript.swift */; };
		400000000000000000000014 /* TranscriptStore.swift in Sources */ = {isa = PBXBuildFile; fileRef = 300000000000000000000014 /* TranscriptStore.swift */; };
		400000000000000000000024 /* VoiceProcessor.swift in Sources */ = {isa = PBXBuildFile; fileRef = 300000000000000000000024 /* VoiceProcessor.swift */; };
		400000000000000000000023 /* SilenceGaps.swift in Sources */ = {isa = PBXBuildFile; fileRef = 300000000000000000000023 /* SilenceGaps.swift */; };
		400000000000000000000022 /* PlaybackSettings.swift in Sources */ = {isa = PBXBuildFile; fileRef = 300000000000000000000022 /* PlaybackSettings.swift */; };
		400000000000000000000015 /* TextSearch.swift in Sources */ = {isa = PBXBuildFile; fileRef = 300000000000000000000015 /* TextSearch.swift */; };
		400000000000000000000016 /* TextSearchView.swift in Sources */ = {isa = PBXBuildFile; fileRef = 300000000000000000000016 /* TextSearchView.swift */; };
		400000000000000000000017 /* Quote.swift in Sources */ = {isa = PBXBuildFile; fileRef = 300000000000000000000017 /* Quote.swift */; };
		400000000000000000000018 /* QuoteCard.swift in Sources */ = {isa = PBXBuildFile; fileRef = 300000000000000000000018 /* QuoteCard.swift */; };
		400000000000000000000019 /* ListeningReportView.swift in Sources */ = {isa = PBXBuildFile; fileRef = 300000000000000000000019 /* ListeningReportView.swift */; };
		40000000000000000000001A /* WidgetBridge.swift in Sources */ = {isa = PBXBuildFile; fileRef = 30000000000000000000001A /* WidgetBridge.swift */; };
		40000000000000000000001B /* WidgetSync.swift in Sources */ = {isa = PBXBuildFile; fileRef = 30000000000000000000001B /* WidgetSync.swift */; };
		40000000000000000000001C /* SonuxWidget.appex in Embed App Extensions */ = {isa = PBXBuildFile; fileRef = 1A0000000000000000000010 /* SonuxWidget.appex */; settings = {ATTRIBUTES = (RemoveHeadersOnCopy, ); }; };
		40000000000000000000001D /* WidgetBridge.swift in Sources */ = {isa = PBXBuildFile; fileRef = 30000000000000000000001A /* WidgetBridge.swift */; };
		40000000000000000000001E /* Localization.swift in Sources */ = {isa = PBXBuildFile; fileRef = 300000000000000000000010 /* Localization.swift */; };
		400000000000000000000020 /* NowPlayingWidget.swift in Sources */ = {isa = PBXBuildFile; fileRef = 30000000000000000000001C /* NowPlayingWidget.swift */; };
		400000000000000000000021 /* Localizable.xcstrings in Resources */ = {isa = PBXBuildFile; fileRef = 300000000000000000000012 /* Localizable.xcstrings */; };
		400000000000000000000026 /* SonuxRuntime.swift in Sources */ = {isa = PBXBuildFile; fileRef = 300000000000000000000026 /* SonuxRuntime.swift */; };
		400000000000000000000027 /* BookEntity.swift in Sources */ = {isa = PBXBuildFile; fileRef = 300000000000000000000027 /* BookEntity.swift */; };
		400000000000000000000028 /* PlayBookIntent.swift in Sources */ = {isa = PBXBuildFile; fileRef = 300000000000000000000028 /* PlayBookIntent.swift */; };
		400000000000000000000029 /* SonuxAppShortcuts.swift in Sources */ = {isa = PBXBuildFile; fileRef = 300000000000000000000029 /* SonuxAppShortcuts.swift */; };
		40000000000000000000002A /* AppShortcuts.strings in Resources */ = {isa = PBXBuildFile; fileRef = 600000000000000000000001 /* AppShortcuts.strings */; };
/* End PBXBuildFile section */

/* Begin PBXContainerItemProxy section */
		1A0000000000000000000016 /* PBXContainerItemProxy */ = {
			isa = PBXContainerItemProxy;
			containerPortal = 1A0000000000000000000001 /* Project object */;
			proxyType = 1;
			remoteGlobalIDString = 1A0000000000000000000011;
			remoteInfo = SonuxWidget;
		};
/* End PBXContainerItemProxy section */

/* Begin PBXCopyFilesBuildPhase section */
		1A0000000000000000000017 /* Embed App Extensions */ = {
			isa = PBXCopyFilesBuildPhase;
			buildActionMask = 2147483647;
			dstPath = PlugIns;
			dstSubfolderSpec = 7;
			files = (
				40000000000000000000001C /* SonuxWidget.appex in Embed App Extensions */,
			);
			name = "Embed App Extensions";
			runOnlyForDeploymentPostprocessing = 0;
		};
/* End PBXCopyFilesBuildPhase section */

/* Begin PBXFileReference section */
		1A0000000000000000000005 /* Sonux.app */ = {isa = PBXFileReference; explicitFileType = wrapper.application; includeInIndex = 0; path = Sonux.app; sourceTree = BUILT_PRODUCTS_DIR; };
		1A0000000000000000000010 /* SonuxWidget.appex */ = {isa = PBXFileReference; explicitFileType = "wrapper.app-extension"; includeInIndex = 0; path = SonuxWidget.appex; sourceTree = BUILT_PRODUCTS_DIR; };
		300000000000000000000001 /* SonuxApp.swift */ = {isa = PBXFileReference; lastKnownFileType = sourcecode.swift; path = SonuxApp.swift; sourceTree = "<group>"; };
		300000000000000000000002 /* Book.swift */ = {isa = PBXFileReference; lastKnownFileType = sourcecode.swift; path = Book.swift; sourceTree = "<group>"; };
		300000000000000000000003 /* LibraryService.swift */ = {isa = PBXFileReference; lastKnownFileType = sourcecode.swift; path = LibraryService.swift; sourceTree = "<group>"; };
		300000000000000000000004 /* PlayerService.swift */ = {isa = PBXFileReference; lastKnownFileType = sourcecode.swift; path = PlayerService.swift; sourceTree = "<group>"; };
		300000000000000000000005 /* TimeFormat.swift */ = {isa = PBXFileReference; lastKnownFileType = sourcecode.swift; path = TimeFormat.swift; sourceTree = "<group>"; };
		300000000000000000000006 /* BookDetailView.swift */ = {isa = PBXFileReference; lastKnownFileType = sourcecode.swift; path = BookDetailView.swift; sourceTree = "<group>"; };
		300000000000000000000007 /* LibraryView.swift */ = {isa = PBXFileReference; lastKnownFileType = sourcecode.swift; path = LibraryView.swift; sourceTree = "<group>"; };
		300000000000000000000008 /* MiniPlayerView.swift */ = {isa = PBXFileReference; lastKnownFileType = sourcecode.swift; path = MiniPlayerView.swift; sourceTree = "<group>"; };
		300000000000000000000009 /* PlayerView.swift */ = {isa = PBXFileReference; lastKnownFileType = sourcecode.swift; path = PlayerView.swift; sourceTree = "<group>"; };
		30000000000000000000000A /* RootView.swift */ = {isa = PBXFileReference; lastKnownFileType = sourcecode.swift; path = RootView.swift; sourceTree = "<group>"; };
		30000000000000000000000B /* CoverStore.swift */ = {isa = PBXFileReference; lastKnownFileType = sourcecode.swift; path = CoverStore.swift; sourceTree = "<group>"; };
		30000000000000000000000C /* HistoryView.swift */ = {isa = PBXFileReference; lastKnownFileType = sourcecode.swift; path = HistoryView.swift; sourceTree = "<group>"; };
		30000000000000000000000D /* ListeningStats.swift */ = {isa = PBXFileReference; lastKnownFileType = sourcecode.swift; path = ListeningStats.swift; sourceTree = "<group>"; };
		30000000000000000000000F /* MeView.swift */ = {isa = PBXFileReference; lastKnownFileType = sourcecode.swift; path = MeView.swift; sourceTree = "<group>"; };
		300000000000000000000010 /* Localization.swift */ = {isa = PBXFileReference; lastKnownFileType = sourcecode.swift; path = Localization.swift; sourceTree = "<group>"; };
		300000000000000000000011 /* LanguageView.swift */ = {isa = PBXFileReference; lastKnownFileType = sourcecode.swift; path = LanguageView.swift; sourceTree = "<group>"; };
		300000000000000000000025 /* PlaybackSettingsView.swift */ = {isa = PBXFileReference; lastKnownFileType = sourcecode.swift; path = PlaybackSettingsView.swift; sourceTree = "<group>"; };
		300000000000000000000012 /* Localizable.xcstrings */ = {isa = PBXFileReference; lastKnownFileType = text.json.xcstrings; path = Localizable.xcstrings; sourceTree = "<group>"; };
		300000000000000000000013 /* Transcript.swift */ = {isa = PBXFileReference; lastKnownFileType = sourcecode.swift; path = Transcript.swift; sourceTree = "<group>"; };
		300000000000000000000014 /* TranscriptStore.swift */ = {isa = PBXFileReference; lastKnownFileType = sourcecode.swift; path = TranscriptStore.swift; sourceTree = "<group>"; };
		300000000000000000000024 /* VoiceProcessor.swift */ = {isa = PBXFileReference; lastKnownFileType = sourcecode.swift; path = VoiceProcessor.swift; sourceTree = "<group>"; };
		300000000000000000000023 /* SilenceGaps.swift */ = {isa = PBXFileReference; lastKnownFileType = sourcecode.swift; path = SilenceGaps.swift; sourceTree = "<group>"; };
		300000000000000000000022 /* PlaybackSettings.swift */ = {isa = PBXFileReference; lastKnownFileType = sourcecode.swift; path = PlaybackSettings.swift; sourceTree = "<group>"; };
		300000000000000000000015 /* TextSearch.swift */ = {isa = PBXFileReference; lastKnownFileType = sourcecode.swift; path = TextSearch.swift; sourceTree = "<group>"; };
		300000000000000000000016 /* TextSearchView.swift */ = {isa = PBXFileReference; lastKnownFileType = sourcecode.swift; path = TextSearchView.swift; sourceTree = "<group>"; };
		300000000000000000000017 /* Quote.swift */ = {isa = PBXFileReference; lastKnownFileType = sourcecode.swift; path = Quote.swift; sourceTree = "<group>"; };
		300000000000000000000018 /* QuoteCard.swift */ = {isa = PBXFileReference; lastKnownFileType = sourcecode.swift; path = QuoteCard.swift; sourceTree = "<group>"; };
		300000000000000000000019 /* ListeningReportView.swift */ = {isa = PBXFileReference; lastKnownFileType = sourcecode.swift; path = ListeningReportView.swift; sourceTree = "<group>"; };
		30000000000000000000001A /* WidgetBridge.swift */ = {isa = PBXFileReference; lastKnownFileType = sourcecode.swift; path = WidgetBridge.swift; sourceTree = "<group>"; };
		30000000000000000000001B /* WidgetSync.swift */ = {isa = PBXFileReference; lastKnownFileType = sourcecode.swift; path = WidgetSync.swift; sourceTree = "<group>"; };
		30000000000000000000001C /* NowPlayingWidget.swift */ = {isa = PBXFileReference; lastKnownFileType = sourcecode.swift; path = NowPlayingWidget.swift; sourceTree = "<group>"; };
		30000000000000000000001D /* Info.plist */ = {isa = PBXFileReference; lastKnownFileType = text.plist.xml; path = Info.plist; sourceTree = "<group>"; };
		30000000000000000000001E /* Sonux.entitlements */ = {isa = PBXFileReference; lastKnownFileType = text.plist.entitlements; path = Sonux.entitlements; sourceTree = "<group>"; };
		30000000000000000000001F /* Widget.entitlements */ = {isa = PBXFileReference; lastKnownFileType = text.plist.entitlements; path = Widget.entitlements; sourceTree = "<group>"; };
		300000000000000000000101 /* ar */ = {isa = PBXFileReference; lastKnownFileType = text.plist.strings; name = ar; path = ar.lproj/AppShortcuts.strings; sourceTree = "<group>"; };
		300000000000000000000102 /* ca */ = {isa = PBXFileReference; lastKnownFileType = text.plist.strings; name = ca; path = ca.lproj/AppShortcuts.strings; sourceTree = "<group>"; };
		300000000000000000000103 /* hr */ = {isa = PBXFileReference; lastKnownFileType = text.plist.strings; name = hr; path = hr.lproj/AppShortcuts.strings; sourceTree = "<group>"; };
		300000000000000000000104 /* cs */ = {isa = PBXFileReference; lastKnownFileType = text.plist.strings; name = cs; path = cs.lproj/AppShortcuts.strings; sourceTree = "<group>"; };
		300000000000000000000105 /* da */ = {isa = PBXFileReference; lastKnownFileType = text.plist.strings; name = da; path = da.lproj/AppShortcuts.strings; sourceTree = "<group>"; };
		300000000000000000000106 /* nl */ = {isa = PBXFileReference; lastKnownFileType = text.plist.strings; name = nl; path = nl.lproj/AppShortcuts.strings; sourceTree = "<group>"; };
		300000000000000000000107 /* fr */ = {isa = PBXFileReference; lastKnownFileType = text.plist.strings; name = fr; path = fr.lproj/AppShortcuts.strings; sourceTree = "<group>"; };
		300000000000000000000108 /* de */ = {isa = PBXFileReference; lastKnownFileType = text.plist.strings; name = de; path = de.lproj/AppShortcuts.strings; sourceTree = "<group>"; };
		300000000000000000000109 /* el */ = {isa = PBXFileReference; lastKnownFileType = text.plist.strings; name = el; path = el.lproj/AppShortcuts.strings; sourceTree = "<group>"; };
		30000000000000000000010A /* he */ = {isa = PBXFileReference; lastKnownFileType = text.plist.strings; name = he; path = he.lproj/AppShortcuts.strings; sourceTree = "<group>"; };
		30000000000000000000010B /* hi */ = {isa = PBXFileReference; lastKnownFileType = text.plist.strings; name = hi; path = hi.lproj/AppShortcuts.strings; sourceTree = "<group>"; };
		30000000000000000000010C /* hu */ = {isa = PBXFileReference; lastKnownFileType = text.plist.strings; name = hu; path = hu.lproj/AppShortcuts.strings; sourceTree = "<group>"; };
		30000000000000000000010D /* id */ = {isa = PBXFileReference; lastKnownFileType = text.plist.strings; name = id; path = id.lproj/AppShortcuts.strings; sourceTree = "<group>"; };
		30000000000000000000010E /* it */ = {isa = PBXFileReference; lastKnownFileType = text.plist.strings; name = it; path = it.lproj/AppShortcuts.strings; sourceTree = "<group>"; };
		30000000000000000000010F /* ja */ = {isa = PBXFileReference; lastKnownFileType = text.plist.strings; name = ja; path = ja.lproj/AppShortcuts.strings; sourceTree = "<group>"; };
		300000000000000000000110 /* ko */ = {isa = PBXFileReference; lastKnownFileType = text.plist.strings; name = ko; path = ko.lproj/AppShortcuts.strings; sourceTree = "<group>"; };
		300000000000000000000111 /* ms */ = {isa = PBXFileReference; lastKnownFileType = text.plist.strings; name = ms; path = ms.lproj/AppShortcuts.strings; sourceTree = "<group>"; };
		300000000000000000000112 /* nb */ = {isa = PBXFileReference; lastKnownFileType = text.plist.strings; name = nb; path = nb.lproj/AppShortcuts.strings; sourceTree = "<group>"; };
		300000000000000000000113 /* pl */ = {isa = PBXFileReference; lastKnownFileType = text.plist.strings; name = pl; path = pl.lproj/AppShortcuts.strings; sourceTree = "<group>"; };
		300000000000000000000114 /* pt-BR */ = {isa = PBXFileReference; lastKnownFileType = text.plist.strings; name = pt-BR; path = pt-BR.lproj/AppShortcuts.strings; sourceTree = "<group>"; };
		300000000000000000000115 /* pt-PT */ = {isa = PBXFileReference; lastKnownFileType = text.plist.strings; name = pt-PT; path = pt-PT.lproj/AppShortcuts.strings; sourceTree = "<group>"; };
		300000000000000000000116 /* ro */ = {isa = PBXFileReference; lastKnownFileType = text.plist.strings; name = ro; path = ro.lproj/AppShortcuts.strings; sourceTree = "<group>"; };
		300000000000000000000117 /* ru */ = {isa = PBXFileReference; lastKnownFileType = text.plist.strings; name = ru; path = ru.lproj/AppShortcuts.strings; sourceTree = "<group>"; };
		300000000000000000000118 /* sk */ = {isa = PBXFileReference; lastKnownFileType = text.plist.strings; name = sk; path = sk.lproj/AppShortcuts.strings; sourceTree = "<group>"; };
		300000000000000000000119 /* es */ = {isa = PBXFileReference; lastKnownFileType = text.plist.strings; name = es; path = es.lproj/AppShortcuts.strings; sourceTree = "<group>"; };
		30000000000000000000011A /* sv */ = {isa = PBXFileReference; lastKnownFileType = text.plist.strings; name = sv; path = sv.lproj/AppShortcuts.strings; sourceTree = "<group>"; };
		30000000000000000000011B /* th */ = {isa = PBXFileReference; lastKnownFileType = text.plist.strings; name = th; path = th.lproj/AppShortcuts.strings; sourceTree = "<group>"; };
		30000000000000000000011C /* tr */ = {isa = PBXFileReference; lastKnownFileType = text.plist.strings; name = tr; path = tr.lproj/AppShortcuts.strings; sourceTree = "<group>"; };
		30000000000000000000011D /* uk */ = {isa = PBXFileReference; lastKnownFileType = text.plist.strings; name = uk; path = uk.lproj/AppShortcuts.strings; sourceTree = "<group>"; };
		30000000000000000000011E /* vi */ = {isa = PBXFileReference; lastKnownFileType = text.plist.strings; name = vi; path = vi.lproj/AppShortcuts.strings; sourceTree = "<group>"; };
		30000000000000000000011F /* zh-Hans */ = {isa = PBXFileReference; lastKnownFileType = text.plist.strings; name = zh-Hans; path = zh-Hans.lproj/AppShortcuts.strings; sourceTree = "<group>"; };
		300000000000000000000120 /* zh-Hant */ = {isa = PBXFileReference; lastKnownFileType = text.plist.strings; name = zh-Hant; path = zh-Hant.lproj/AppShortcuts.strings; sourceTree = "<group>"; };
		300000000000000000000026 /* SonuxRuntime.swift */ = {isa = PBXFileReference; lastKnownFileType = sourcecode.swift; path = SonuxRuntime.swift; sourceTree = "<group>"; };
		300000000000000000000027 /* BookEntity.swift */ = {isa = PBXFileReference; lastKnownFileType = sourcecode.swift; path = BookEntity.swift; sourceTree = "<group>"; };
		300000000000000000000028 /* PlayBookIntent.swift */ = {isa = PBXFileReference; lastKnownFileType = sourcecode.swift; path = PlayBookIntent.swift; sourceTree = "<group>"; };
		300000000000000000000029 /* SonuxAppShortcuts.swift */ = {isa = PBXFileReference; lastKnownFileType = sourcecode.swift; path = SonuxAppShortcuts.swift; sourceTree = "<group>"; };
/* End PBXFileReference section */

/* Begin PBXFrameworksBuildPhase section */
		1A0000000000000000000007 /* Frameworks */ = {
			isa = PBXFrameworksBuildPhase;
			buildActionMask = 2147483647;
			files = (
			);
			runOnlyForDeploymentPostprocessing = 0;
		};
		1A0000000000000000000013 /* Frameworks */ = {
			isa = PBXFrameworksBuildPhase;
			buildActionMask = 2147483647;
			files = (
			);
			runOnlyForDeploymentPostprocessing = 0;
		};
/* End PBXFrameworksBuildPhase section */

/* Begin PBXGroup section */
		1A0000000000000000000002 = {
			isa = PBXGroup;
			children = (
				500000000000000000000001 /* App */,
				500000000000000000000008 /* Intents */,
				500000000000000000000002 /* Models */,
				500000000000000000000003 /* Services */,
				500000000000000000000006 /* Shared */,
				500000000000000000000004 /* Views */,
				500000000000000000000007 /* Widget */,
				500000000000000000000005 /* Support */,
				500000000000000000000009 /* AppShortcuts */,
				1A0000000000000000000003 /* Products */,
			);
			sourceTree = "<group>";
		};
		1A0000000000000000000003 /* Products */ = {
			isa = PBXGroup;
			children = (
				1A0000000000000000000005 /* Sonux.app */,
				1A0000000000000000000010 /* SonuxWidget.appex */,
			);
			name = Products;
			sourceTree = "<group>";
		};
		500000000000000000000001 /* App */ = {
			isa = PBXGroup;
			children = (
				300000000000000000000001 /* SonuxApp.swift */,
				300000000000000000000010 /* Localization.swift */,
			);
			path = App;
			sourceTree = "<group>";
		};
		500000000000000000000008 /* Intents */ = {
			isa = PBXGroup;
			children = (
				300000000000000000000027 /* BookEntity.swift */,
				300000000000000000000028 /* PlayBookIntent.swift */,
				300000000000000000000029 /* SonuxAppShortcuts.swift */,
			);
			path = Intents;
			sourceTree = "<group>";
		};
		500000000000000000000009 /* AppShortcuts */ = {
			isa = PBXGroup;
			children = (
				600000000000000000000001 /* AppShortcuts.strings */,
			);
			path = Support/AppShortcuts;
			sourceTree = "<group>";
		};
		500000000000000000000005 /* Support */ = {
			isa = PBXGroup;
			children = (
				300000000000000000000012 /* Localizable.xcstrings */,
				30000000000000000000001E /* Sonux.entitlements */,
				30000000000000000000001F /* Widget.entitlements */,
			);
			path = Support;
			sourceTree = "<group>";
		};
		500000000000000000000006 /* Shared */ = {
			isa = PBXGroup;
			children = (
				30000000000000000000001A /* WidgetBridge.swift */,
			);
			path = Shared;
			sourceTree = "<group>";
		};
		500000000000000000000007 /* Widget */ = {
			isa = PBXGroup;
			children = (
				30000000000000000000001C /* NowPlayingWidget.swift */,
				30000000000000000000001D /* Info.plist */,
			);
			path = Widget;
			sourceTree = "<group>";
		};
		500000000000000000000002 /* Models */ = {
			isa = PBXGroup;
			children = (
				300000000000000000000002 /* Book.swift */,
				30000000000000000000000D /* ListeningStats.swift */,
				300000000000000000000013 /* Transcript.swift */,
				300000000000000000000017 /* Quote.swift */,
			);
			path = Models;
			sourceTree = "<group>";
		};
		500000000000000000000003 /* Services */ = {
			isa = PBXGroup;
			children = (
				300000000000000000000003 /* LibraryService.swift */,
				300000000000000000000004 /* PlayerService.swift */,
				300000000000000000000026 /* SonuxRuntime.swift */,
				300000000000000000000014 /* TranscriptStore.swift */,
				300000000000000000000024 /* VoiceProcessor.swift */,
				300000000000000000000023 /* SilenceGaps.swift */,
				300000000000000000000022 /* PlaybackSettings.swift */,
				300000000000000000000015 /* TextSearch.swift */,
				30000000000000000000001B /* WidgetSync.swift */,
			);
			path = Services;
			sourceTree = "<group>";
		};
		500000000000000000000004 /* Views */ = {
			isa = PBXGroup;
			children = (
				300000000000000000000005 /* TimeFormat.swift */,
				300000000000000000000006 /* BookDetailView.swift */,
				300000000000000000000007 /* LibraryView.swift */,
				300000000000000000000008 /* MiniPlayerView.swift */,
				300000000000000000000009 /* PlayerView.swift */,
				30000000000000000000000A /* RootView.swift */,
				30000000000000000000000B /* CoverStore.swift */,
				30000000000000000000000C /* HistoryView.swift */,
				30000000000000000000000F /* MeView.swift */,
				300000000000000000000011 /* LanguageView.swift */,
				300000000000000000000025 /* PlaybackSettingsView.swift */,
				300000000000000000000016 /* TextSearchView.swift */,
				300000000000000000000018 /* QuoteCard.swift */,
				300000000000000000000019 /* ListeningReportView.swift */,
			);
			path = Views;
			sourceTree = "<group>";
		};
/* End PBXGroup section */

/* Begin PBXNativeTarget section */
		1A0000000000000000000004 /* Sonux */ = {
			isa = PBXNativeTarget;
			buildConfigurationList = 1A000000000000000000000B /* Build configuration list for PBXNativeTarget "Sonux" */;
			buildPhases = (
				1A0000000000000000000006 /* Sources */,
				1A0000000000000000000007 /* Frameworks */,
				1A0000000000000000000008 /* Resources */,
				1A0000000000000000000017 /* Embed App Extensions */,
			);
			buildRules = (
			);
			dependencies = (
				1A0000000000000000000015 /* PBXTargetDependency */,
			);
			name = Sonux;
			productName = Sonux;
			productReference = 1A0000000000000000000005 /* Sonux.app */;
			productType = "com.apple.product-type.application";
		};
		1A0000000000000000000011 /* SonuxWidget */ = {
			isa = PBXNativeTarget;
			buildConfigurationList = 1A0000000000000000000018 /* Build configuration list for PBXNativeTarget "SonuxWidget" */;
			buildPhases = (
				1A0000000000000000000012 /* Sources */,
				1A0000000000000000000013 /* Frameworks */,
				1A0000000000000000000014 /* Resources */,
			);
			buildRules = (
			);
			dependencies = (
			);
			name = SonuxWidget;
			productName = SonuxWidget;
			productReference = 1A0000000000000000000010 /* SonuxWidget.appex */;
			productType = "com.apple.product-type.app-extension";
		};
/* End PBXNativeTarget section */

/* Begin PBXProject section */
		1A0000000000000000000001 /* Project object */ = {
			isa = PBXProject;
			attributes = {
				BuildIndependentTargetsInParallel = 1;
				LastSwiftUpdateCheck = 1600;
				LastUpgradeCheck = 1600;
				TargetAttributes = {
					1A0000000000000000000004 = {
						CreatedOnToolsVersion = 16.0;
					};
					1A0000000000000000000011 = {
						CreatedOnToolsVersion = 16.0;
					};
				};
			};
			buildConfigurationList = 1A000000000000000000000A /* Build configuration list for PBXProject "Sonux" */;
			compatibilityVersion = "Xcode 14.0";
			developmentRegion = en;
			hasScannedForEncodings = 0;
			knownRegions = (
				en,
				Base,
				ar,
				ca,
				hr,
				cs,
				da,
				nl,
				fi,
				fr,
				de,
				el,
				he,
				hi,
				hu,
				id,
				it,
				ja,
				ko,
				ms,
				nb,
				pl,
				"pt-BR",
				"pt-PT",
				ro,
				ru,
				sk,
				es,
				sv,
				th,
				tr,
				uk,
				vi,
				"zh-Hans",
				"zh-Hant",
			);
			mainGroup = 1A0000000000000000000002;
			productRefGroup = 1A0000000000000000000003 /* Products */;
			projectDirPath = "";
			projectRoot = "";
			targets = (
				1A0000000000000000000004 /* Sonux */,
				1A0000000000000000000011 /* SonuxWidget */,
			);
		};
/* End PBXProject section */

/* Begin PBXResourcesBuildPhase section */
		1A0000000000000000000008 /* Resources */ = {
			isa = PBXResourcesBuildPhase;
			buildActionMask = 2147483647;
			files = (
				400000000000000000000012 /* Localizable.xcstrings in Resources */,
				40000000000000000000002A /* AppShortcuts.strings in Resources */,
			);
			runOnlyForDeploymentPostprocessing = 0;
		};
		1A0000000000000000000014 /* Resources */ = {
			isa = PBXResourcesBuildPhase;
			buildActionMask = 2147483647;
			files = (
				400000000000000000000021 /* Localizable.xcstrings in Resources */,
			);
			runOnlyForDeploymentPostprocessing = 0;
		};
/* End PBXResourcesBuildPhase section */

/* Begin PBXSourcesBuildPhase section */
		1A0000000000000000000006 /* Sources */ = {
			isa = PBXSourcesBuildPhase;
			buildActionMask = 2147483647;
			files = (
				400000000000000000000001 /* SonuxApp.swift in Sources */,
				400000000000000000000002 /* Book.swift in Sources */,
				400000000000000000000003 /* LibraryService.swift in Sources */,
				400000000000000000000004 /* PlayerService.swift in Sources */,
				400000000000000000000005 /* TimeFormat.swift in Sources */,
				400000000000000000000006 /* BookDetailView.swift in Sources */,
				400000000000000000000007 /* LibraryView.swift in Sources */,
				400000000000000000000008 /* MiniPlayerView.swift in Sources */,
				400000000000000000000009 /* PlayerView.swift in Sources */,
				40000000000000000000000A /* RootView.swift in Sources */,
				40000000000000000000000B /* CoverStore.swift in Sources */,
				40000000000000000000000C /* HistoryView.swift in Sources */,
				40000000000000000000000D /* ListeningStats.swift in Sources */,
				40000000000000000000000F /* MeView.swift in Sources */,
				400000000000000000000010 /* Localization.swift in Sources */,
				400000000000000000000011 /* LanguageView.swift in Sources */,
				400000000000000000000025 /* PlaybackSettingsView.swift in Sources */,
				400000000000000000000013 /* Transcript.swift in Sources */,
				400000000000000000000014 /* TranscriptStore.swift in Sources */,
				400000000000000000000024 /* VoiceProcessor.swift in Sources */,
				400000000000000000000023 /* SilenceGaps.swift in Sources */,
				400000000000000000000022 /* PlaybackSettings.swift in Sources */,
				400000000000000000000015 /* TextSearch.swift in Sources */,
				400000000000000000000016 /* TextSearchView.swift in Sources */,
				400000000000000000000017 /* Quote.swift in Sources */,
				400000000000000000000018 /* QuoteCard.swift in Sources */,
				400000000000000000000019 /* ListeningReportView.swift in Sources */,
				40000000000000000000001A /* WidgetBridge.swift in Sources */,
				40000000000000000000001B /* WidgetSync.swift in Sources */,
				400000000000000000000026 /* SonuxRuntime.swift in Sources */,
				400000000000000000000027 /* BookEntity.swift in Sources */,
				400000000000000000000028 /* PlayBookIntent.swift in Sources */,
				400000000000000000000029 /* SonuxAppShortcuts.swift in Sources */,
			);
			runOnlyForDeploymentPostprocessing = 0;
		};
		1A0000000000000000000012 /* Sources */ = {
			isa = PBXSourcesBuildPhase;
			buildActionMask = 2147483647;
			files = (
				400000000000000000000020 /* NowPlayingWidget.swift in Sources */,
				40000000000000000000001D /* WidgetBridge.swift in Sources */,
				40000000000000000000001E /* Localization.swift in Sources */,
			);
			runOnlyForDeploymentPostprocessing = 0;
		};
/* End PBXSourcesBuildPhase section */

/* Begin PBXTargetDependency section */
		1A0000000000000000000015 /* PBXTargetDependency */ = {
			isa = PBXTargetDependency;
			target = 1A0000000000000000000011 /* SonuxWidget */;
			targetProxy = 1A0000000000000000000016 /* PBXContainerItemProxy */;
		};
/* End PBXTargetDependency section */

/* Begin PBXVariantGroup section */
		600000000000000000000001 /* AppShortcuts.strings */ = {
			isa = PBXVariantGroup;
			children = (
				300000000000000000000101 /* ar */,
				300000000000000000000102 /* ca */,
				300000000000000000000103 /* hr */,
				300000000000000000000104 /* cs */,
				300000000000000000000105 /* da */,
				300000000000000000000106 /* nl */,
				300000000000000000000107 /* fr */,
				300000000000000000000108 /* de */,
				300000000000000000000109 /* el */,
				30000000000000000000010A /* he */,
				30000000000000000000010B /* hi */,
				30000000000000000000010C /* hu */,
				30000000000000000000010D /* id */,
				30000000000000000000010E /* it */,
				30000000000000000000010F /* ja */,
				300000000000000000000110 /* ko */,
				300000000000000000000111 /* ms */,
				300000000000000000000112 /* nb */,
				300000000000000000000113 /* pl */,
				300000000000000000000114 /* pt-BR */,
				300000000000000000000115 /* pt-PT */,
				300000000000000000000116 /* ro */,
				300000000000000000000117 /* ru */,
				300000000000000000000118 /* sk */,
				300000000000000000000119 /* es */,
				30000000000000000000011A /* sv */,
				30000000000000000000011B /* th */,
				30000000000000000000011C /* tr */,
				30000000000000000000011D /* uk */,
				30000000000000000000011E /* vi */,
				30000000000000000000011F /* zh-Hans */,
				300000000000000000000120 /* zh-Hant */,
			);
			name = AppShortcuts.strings;
			sourceTree = "<group>";
		};
/* End PBXVariantGroup section */

/* Begin XCBuildConfiguration section */
		1A000000000000000000000C /* Debug */ = {
			isa = XCBuildConfiguration;
			buildSettings = {
				ALWAYS_SEARCH_USER_PATHS = NO;
				CLANG_ENABLE_MODULES = YES;
				CLANG_ENABLE_OBJC_ARC = YES;
				COPY_PHASE_STRIP = NO;
				DEBUG_INFORMATION_FORMAT = dwarf;
				ENABLE_STRICT_OBJC_MSGSEND = YES;
				ENABLE_TESTABILITY = YES;
				GCC_DYNAMIC_NO_PIC = NO;
				GCC_OPTIMIZATION_LEVEL = 0;
				GCC_PREPROCESSOR_DEFINITIONS = (
					"DEBUG=1",
					"$(inherited)",
				);
				IPHONEOS_DEPLOYMENT_TARGET = 16.4;
				MTL_ENABLE_DEBUG_INFO = INCLUDE_SOURCE;
				ONLY_ACTIVE_ARCH = YES;
				SDKROOT = iphoneos;
				SWIFT_ACTIVE_COMPILATION_CONDITIONS = DEBUG;
				SWIFT_OPTIMIZATION_LEVEL = "-Onone";
			};
			name = Debug;
		};
		1A000000000000000000000D /* Release */ = {
			isa = XCBuildConfiguration;
			buildSettings = {
				ALWAYS_SEARCH_USER_PATHS = NO;
				CLANG_ENABLE_MODULES = YES;
				CLANG_ENABLE_OBJC_ARC = YES;
				COPY_PHASE_STRIP = NO;
				DEBUG_INFORMATION_FORMAT = "dwarf-with-dsym";
				ENABLE_NS_ASSERTIONS = NO;
				ENABLE_STRICT_OBJC_MSGSEND = YES;
				GCC_C_LANGUAGE_STANDARD = gnu17;
				IPHONEOS_DEPLOYMENT_TARGET = 16.4;
				MTL_ENABLE_DEBUG_INFO = NO;
				SDKROOT = iphoneos;
				SWIFT_COMPILATION_MODE = wholemodule;
				SWIFT_OPTIMIZATION_LEVEL = "-O";
				VALIDATE_PRODUCT = YES;
			};
			name = Release;
		};
		1A000000000000000000000E /* Debug */ = {
			isa = XCBuildConfiguration;
			buildSettings = {
				ASSETCATALOG_COMPILER_GENERATE_ASSET_SYMBOL_EXTENSIONS = YES;
				CODE_SIGN_ENTITLEMENTS = Support/Sonux.entitlements;
				CODE_SIGN_STYLE = Automatic;
				CURRENT_PROJECT_VERSION = 1;
				DEVELOPMENT_TEAM = 7YXZS92PLV;
				GENERATE_INFOPLIST_FILE = NO;
				INFOPLIST_FILE = Support/Info.plist;
				INFOPLIST_KEY_CFBundleDisplayName = Sonux;
				INFOPLIST_KEY_UIApplicationSceneManifest_Generation = YES;
				INFOPLIST_KEY_UIApplicationSupportsIndirectInputEvents = YES;
				INFOPLIST_KEY_UILaunchScreen_Generation = YES;
				INFOPLIST_KEY_UISupportedInterfaceOrientations = UIInterfaceOrientationPortrait;
				INFOPLIST_KEY_UIUserInterfaceStyle = Automatic;
				LD_RUNPATH_SEARCH_PATHS = (
					"$(inherited)",
					"@executable_path/Frameworks",
				);
				MARKETING_VERSION = 1.0.0;
				PRODUCT_BUNDLE_IDENTIFIER = com.kiwenlau.sonux;
				PRODUCT_NAME = "$(TARGET_NAME)";
				SWIFT_EMIT_LOC_STRINGS = YES;
				SWIFT_VERSION = 5.0;
				TARGETED_DEVICE_FAMILY = 1;
			};
			name = Debug;
		};
		1A000000000000000000000F /* Release */ = {
			isa = XCBuildConfiguration;
			buildSettings = {
				ASSETCATALOG_COMPILER_GENERATE_ASSET_SYMBOL_EXTENSIONS = YES;
				CODE_SIGN_ENTITLEMENTS = Support/Sonux.entitlements;
				CODE_SIGN_STYLE = Automatic;
				CURRENT_PROJECT_VERSION = 1;
				DEVELOPMENT_TEAM = 7YXZS92PLV;
				GENERATE_INFOPLIST_FILE = NO;
				INFOPLIST_FILE = Support/Info.plist;
				INFOPLIST_KEY_CFBundleDisplayName = Sonux;
				INFOPLIST_KEY_UIApplicationSceneManifest_Generation = YES;
				INFOPLIST_KEY_UIApplicationSupportsIndirectInputEvents = YES;
				INFOPLIST_KEY_UILaunchScreen_Generation = YES;
				INFOPLIST_KEY_UISupportedInterfaceOrientations = UIInterfaceOrientationPortrait;
				INFOPLIST_KEY_UIUserInterfaceStyle = Automatic;
				LD_RUNPATH_SEARCH_PATHS = (
					"$(inherited)",
					"@executable_path/Frameworks",
				);
				MARKETING_VERSION = 1.0.0;
				PRODUCT_BUNDLE_IDENTIFIER = com.kiwenlau.sonux;
				PRODUCT_NAME = "$(TARGET_NAME)";
				SWIFT_EMIT_LOC_STRINGS = YES;
				SWIFT_VERSION = 5.0;
				TARGETED_DEVICE_FAMILY = 1;
			};
			name = Release;
		};
		1A0000000000000000000019 /* Debug */ = {
			isa = XCBuildConfiguration;
			buildSettings = {
				CODE_SIGN_ENTITLEMENTS = Support/Widget.entitlements;
				CODE_SIGN_STYLE = Automatic;
				CURRENT_PROJECT_VERSION = 1;
				DEVELOPMENT_TEAM = 7YXZS92PLV;
				GENERATE_INFOPLIST_FILE = NO;
				INFOPLIST_FILE = Widget/Info.plist;
				INFOPLIST_KEY_CFBundleDisplayName = Sonux;
				INFOPLIST_KEY_UIUserInterfaceStyle = Automatic;
				LD_RUNPATH_SEARCH_PATHS = (
					"$(inherited)",
					"@executable_path/Frameworks",
					"@loader_path/Frameworks",
					"@executable_path/../../Frameworks",
				);
				MARKETING_VERSION = 1.0.0;
				PRODUCT_BUNDLE_IDENTIFIER = com.kiwenlau.sonux.widget;
				PRODUCT_NAME = "$(TARGET_NAME)";
				SKIP_INSTALL = YES;
				SWIFT_EMIT_LOC_STRINGS = YES;
				SWIFT_VERSION = 5.0;
				TARGETED_DEVICE_FAMILY = 1;
			};
			name = Debug;
		};
		1A000000000000000000001A /* Release */ = {
			isa = XCBuildConfiguration;
			buildSettings = {
				CODE_SIGN_ENTITLEMENTS = Support/Widget.entitlements;
				CODE_SIGN_STYLE = Automatic;
				CURRENT_PROJECT_VERSION = 1;
				DEVELOPMENT_TEAM = 7YXZS92PLV;
				GENERATE_INFOPLIST_FILE = NO;
				INFOPLIST_FILE = Widget/Info.plist;
				INFOPLIST_KEY_CFBundleDisplayName = Sonux;
				INFOPLIST_KEY_UIUserInterfaceStyle = Automatic;
				LD_RUNPATH_SEARCH_PATHS = (
					"$(inherited)",
					"@executable_path/Frameworks",
					"@loader_path/Frameworks",
					"@executable_path/../../Frameworks",
				);
				MARKETING_VERSION = 1.0.0;
				PRODUCT_BUNDLE_IDENTIFIER = com.kiwenlau.sonux.widget;
				PRODUCT_NAME = "$(TARGET_NAME)";
				SKIP_INSTALL = YES;
				SWIFT_EMIT_LOC_STRINGS = YES;
				SWIFT_VERSION = 5.0;
				TARGETED_DEVICE_FAMILY = 1;
			};
			name = Release;
		};
/* End XCBuildConfiguration section */

/* Begin XCConfigurationList section */
		1A000000000000000000000A /* Build configuration list for PBXProject "Sonux" */ = {
			isa = XCConfigurationList;
			buildConfigurations = (
				1A000000000000000000000C /* Debug */,
				1A000000000000000000000D /* Release */,
			);
			defaultConfigurationIsVisible = 0;
			defaultConfigurationName = Release;
		};
		1A000000000000000000000B /* Build configuration list for PBXNativeTarget "Sonux" */ = {
			isa = XCConfigurationList;
			buildConfigurations = (
				1A000000000000000000000E /* Debug */,
				1A000000000000000000000F /* Release */,
			);
			defaultConfigurationIsVisible = 0;
			defaultConfigurationName = Release;
		};
		1A0000000000000000000018 /* Build configuration list for PBXNativeTarget "SonuxWidget" */ = {
			isa = XCConfigurationList;
			buildConfigurations = (
				1A0000000000000000000019 /* Debug */,
				1A000000000000000000001A /* Release */,
			);
			defaultConfigurationIsVisible = 0;
			defaultConfigurationName = Release;
		};
/* End XCConfigurationList section */
	};
	rootObject = 1A0000000000000000000001 /* Project object */;
}
